// !$*UTF8*$!
{
	archiveVersion = 1;
	classes = {
	};
	objectVersion = 51;
	objects = {

/* Begin PBXBuildFile section */
		212EEB3058CD81F333E03CBE /* Pods_StocksApp.framework in Frameworks */ = {isa = PBXBuildFile; fileRef = 2305E951BB4A84C41A21D9FD /* Pods_StocksApp.framework */; };
		341C10B0272530CA0039B4B5 /* AppDelegate.swift in Sources */ = {isa = PBXBuildFile; fileRef = 341C10AF272530CA0039B4B5 /* AppDelegate.swift */; };
		341C10B2272530CA0039B4B5 /* SceneDelegate.swift in Sources */ = {isa = PBXBuildFile; fileRef = 341C10B1272530CA0039B4B5 /* SceneDelegate.swift */; };
		341C10B4272530CA0039B4B5 /* WatchListViewController.swift in Sources */ = {isa = PBXBuildFile; fileRef = 341C10B3272530CA0039B4B5 /* WatchListViewController.swift */; };
		341C10BA272530CA0039B4B5 /* StocksApp.xcdatamodeld in Sources */ = {isa = PBXBuildFile; fileRef = 341C10B8272530CA0039B4B5 /* StocksApp.xcdatamodeld */; };
		341C10BC272530CC0039B4B5 /* Assets.xcassets in Resources */ = {isa = PBXBuildFile; fileRef = 341C10BB272530CC0039B4B5 /* Assets.xcassets */; };
		341C10BF272530CC0039B4B5 /* LaunchScreen.storyboard in Resources */ = {isa = PBXBuildFile; fileRef = 341C10BD272530CC0039B4B5 /* LaunchScreen.storyboard */; };
		341C10CA272530CC0039B4B5 /* StocksAppTests.swift in Sources */ = {isa = PBXBuildFile; fileRef = 341C10C9272530CC0039B4B5 /* StocksAppTests.swift */; };
		341C10D5272530CC0039B4B5 /* StocksAppUITests.swift in Sources */ = {isa = PBXBuildFile; fileRef = 341C10D4272530CC0039B4B5 /* StocksAppUITests.swift */; };
		341C10E82725E0BA0039B4B5 /* TopStoriesNewsViewController.swift in Sources */ = {isa = PBXBuildFile; fileRef = 341C10E72725E0BA0039B4B5 /* TopStoriesNewsViewController.swift */; };
		341C10EA2725E1170039B4B5 /* SearchResultsViewController.swift in Sources */ = {isa = PBXBuildFile; fileRef = 341C10E92725E1170039B4B5 /* SearchResultsViewController.swift */; };
		341C10EC2725E13B0039B4B5 /* StockDetailsViewController.swift in Sources */ = {isa = PBXBuildFile; fileRef = 341C10EB2725E13B0039B4B5 /* StockDetailsViewController.swift */; };
		341C10EE2726DF810039B4B5 /* ApiCaller.swift in Sources */ = {isa = PBXBuildFile; fileRef = 341C10ED2726DF810039B4B5 /* ApiCaller.swift */; };
		341C10F02726DF900039B4B5 /* PersistenceManager.swift in Sources */ = {isa = PBXBuildFile; fileRef = 341C10EF2726DF900039B4B5 /* PersistenceManager.swift */; };
		341C10F22726DFB30039B4B5 /* HapticsManager.swift in Sources */ = {isa = PBXBuildFile; fileRef = 341C10F12726DFB30039B4B5 /* HapticsManager.swift */; };
		341C10F4272727DE0039B4B5 /* Extensions.swift in Sources */ = {isa = PBXBuildFile; fileRef = 341C10F3272727DE0039B4B5 /* Extensions.swift */; };
		341C10F627272C990039B4B5 /* SearchResultTableViewCell.swift in Sources */ = {isa = PBXBuildFile; fileRef = 341C10F527272C990039B4B5 /* SearchResultTableViewCell.swift */; };
		341C10F8272883020039B4B5 /* SearchResponse.swift in Sources */ = {isa = PBXBuildFile; fileRef = 341C10F7272883020039B4B5 /* SearchResponse.swift */; };
		341C10FA272B19140039B4B5 /* PanelViewController.swift in Sources */ = {isa = PBXBuildFile; fileRef = 341C10F9272B19140039B4B5 /* PanelViewController.swift */; };
		341C10FC272D0B8F0039B4B5 /* NewsHeaderView.swift in Sources */ = {isa = PBXBuildFile; fileRef = 341C10FB272D0B8F0039B4B5 /* NewsHeaderView.swift */; };
		341C10FE272D52A80039B4B5 /* NewsStory.swift in Sources */ = {isa = PBXBuildFile; fileRef = 341C10FD272D52A80039B4B5 /* NewsStory.swift */; };
		341C1100272E4A5C0039B4B5 /* NewsStoryTableViewCell.swift in Sources */ = {isa = PBXBuildFile; fileRef = 341C10FF272E4A5C0039B4B5 /* NewsStoryTableViewCell.swift */; };
		341C1102272EFD600039B4B5 /* MarketDataResponse.swift in Sources */ = {isa = PBXBuildFile; fileRef = 341C1101272EFD600039B4B5 /* MarketDataResponse.swift */; };
		341C11042730360D0039B4B5 /* WatchListTableViewCell.swift in Sources */ = {isa = PBXBuildFile; fileRef = 341C11032730360D0039B4B5 /* WatchListTableViewCell.swift */; };
		6D8A41098945BBCF668DECA8 /* Pods_StocksApp_StocksAppUITests.framework in Frameworks */ = {isa = PBXBuildFile; fileRef = B48B384E16765F93D1C09384 /* Pods_StocksApp_StocksAppUITests.framework */; };
		AACF20E69585EA76E6513391 /* Pods_StocksAppTests.framework in Frameworks */ = {isa = PBXBuildFile; fileRef = 91426EE73B56C10427257D47 /* Pods_StocksAppTests.framework */; };
/* End PBXBuildFile section */

/* Begin PBXContainerItemProxy section */
		341C10C6272530CC0039B4B5 /* PBXContainerItemProxy */ = {
			isa = PBXContainerItemProxy;
			containerPortal = 341C10A4272530CA0039B4B5 /* Project object */;
			proxyType = 1;
			remoteGlobalIDString = 341C10AB272530CA0039B4B5;
			remoteInfo = StocksApp;
		};
		341C10D1272530CC0039B4B5 /* PBXContainerItemProxy */ = {
			isa = PBXContainerItemProxy;
			containerPortal = 341C10A4272530CA0039B4B5 /* Project object */;
			proxyType = 1;
			remoteGlobalIDString = 341C10AB272530CA0039B4B5;
			remoteInfo = StocksApp;
		};
/* End PBXContainerItemProxy section */

/* Begin PBXFileReference section */
		0B86C3B11FA36C464EA12525 /* Pods-StocksAppTests.debug.xcconfig */ = {isa = PBXFileReference; includeInIndex = 1; lastKnownFileType = text.xcconfig; name = "Pods-StocksAppTests.debug.xcconfig"; path = "Target Support Files/Pods-StocksAppTests/Pods-StocksAppTests.debug.xcconfig"; sourceTree = "<group>"; };
		2305E951BB4A84C41A21D9FD /* Pods_StocksApp.framework */ = {isa = PBXFileReference; explicitFileType = wrapper.framework; includeInIndex = 0; path = Pods_StocksApp.framework; sourceTree = BUILT_PRODUCTS_DIR; };
		2B2C20F377EBD4E45F63F856 /* Pods-StocksApp-StocksAppUITests.release.xcconfig */ = {isa = PBXFileReference; includeInIndex = 1; lastKnownFileType = text.xcconfig; name = "Pods-StocksApp-StocksAppUITests.release.xcconfig"; path = "Target Support Files/Pods-StocksApp-StocksAppUITests/Pods-StocksApp-StocksAppUITests.release.xcconfig"; sourceTree = "<group>"; };
		341C10AC272530CA0039B4B5 /* StocksApp.app */ = {isa = PBXFileReference; explicitFileType = wrapper.application; includeInIndex = 0; path = StocksApp.app; sourceTree = BUILT_PRODUCTS_DIR; };
		341C10AF272530CA0039B4B5 /* AppDelegate.swift */ = {isa = PBXFileReference; lastKnownFileType = sourcecode.swift; path = AppDelegate.swift; sourceTree = "<group>"; };
		341C10B1272530CA0039B4B5 /* SceneDelegate.swift */ = {isa = PBXFileReference; lastKnownFileType = sourcecode.swift; path = SceneDelegate.swift; sourceTree = "<group>"; };
		341C10B3272530CA0039B4B5 /* WatchListViewController.swift */ = {isa = PBXFileReference; lastKnownFileType = sourcecode.swift; path = WatchListViewController.swift; sourceTree = "<group>"; };
		341C10B9272530CA0039B4B5 /* StocksApp.xcdatamodel */ = {isa = PBXFileReference; lastKnownFileType = wrapper.xcdatamodel; path = StocksApp.xcdatamodel; sourceTree = "<group>"; };
		341C10BB272530CC0039B4B5 /* Assets.xcassets */ = {isa = PBXFileReference; lastKnownFileType = folder.assetcatalog; path = Assets.xcassets; sourceTree = "<group>"; };
		341C10BE272530CC0039B4B5 /* Base */ = {isa = PBXFileReference; lastKnownFileType = file.storyboard; name = Base; path = Base.lproj/LaunchScreen.storyboard; sourceTree = "<group>"; };
		341C10C0272530CC0039B4B5 /* Info.plist */ = {isa = PBXFileReference; lastKnownFileType = text.plist.xml; path = Info.plist; sourceTree = "<group>"; };
		341C10C5272530CC0039B4B5 /* StocksAppTests.xctest */ = {isa = PBXFileReference; explicitFileType = wrapper.cfbundle; includeInIndex = 0; path = StocksAppTests.xctest; sourceTree = BUILT_PRODUCTS_DIR; };
		341C10C9272530CC0039B4B5 /* StocksAppTests.swift */ = {isa = PBXFileReference; lastKnownFileType = sourcecode.swift; path = StocksAppTests.swift; sourceTree = "<group>"; };
		341C10CB272530CC0039B4B5 /* Info.plist */ = {isa = PBXFileReference; lastKnownFileType = text.plist.xml; path = Info.plist; sourceTree = "<group>"; };
		341C10D0272530CC0039B4B5 /* StocksAppUITests.xctest */ = {isa = PBXFileReference; explicitFileType = wrapper.cfbundle; includeInIndex = 0; path = StocksAppUITests.xctest; sourceTree = BUILT_PRODUCTS_DIR; };
		341C10D4272530CC0039B4B5 /* StocksAppUITests.swift */ = {isa = PBXFileReference; lastKnownFileType = sourcecode.swift; path = StocksAppUITests.swift; sourceTree = "<group>"; };
		341C10D6272530CC0039B4B5 /* Info.plist */ = {isa = PBXFileReference; lastKnownFileType = text.plist.xml; path = Info.plist; sourceTree = "<group>"; };
		341C10E72725E0BA0039B4B5 /* TopStoriesNewsViewController.swift */ = {isa = PBXFileReference; lastKnownFileType = sourcecode.swift; path = TopStoriesNewsViewController.swift; sourceTree = "<group>"; };
		341C10E92725E1170039B4B5 /* SearchResultsViewController.swift */ = {isa = PBXFileReference; lastKnownFileType = sourcecode.swift; path = SearchResultsViewController.swift; sourceTree = "<group>"; };
		341C10EB2725E13B0039B4B5 /* StockDetailsViewController.swift */ = {isa = PBXFileReference; lastKnownFileType = sourcecode.swift; path = StockDetailsViewController.swift; sourceTree = "<group>"; };
		341C10ED2726DF810039B4B5 /* ApiCaller.swift */ = {isa = PBXFileReference; lastKnownFileType = sourcecode.swift; path = ApiCaller.swift; sourceTree = "<group>"; };
		341C10EF2726DF900039B4B5 /* PersistenceManager.swift */ = {isa = PBXFileReference; lastKnownFileType = sourcecode.swift; path = PersistenceManager.swift; sourceTree = "<group>"; };
		341C10F12726DFB30039B4B5 /* HapticsManager.swift */ = {isa = PBXFileReference; lastKnownFileType = sourcecode.swift; path = HapticsManager.swift; sourceTree = "<group>"; };
		341C10F3272727DE0039B4B5 /* Extensions.swift */ = {isa = PBXFileReference; lastKnownFileType = sourcecode.swift; path = Extensions.swift; sourceTree = "<group>"; };
		341C10F527272C990039B4B5 /* SearchResultTableViewCell.swift */ = {isa = PBXFileReference; lastKnownFileType = sourcecode.swift; path = SearchResultTableViewCell.swift; sourceTree = "<group>"; };
		341C10F7272883020039B4B5 /* SearchResponse.swift */ = {isa = PBXFileReference; lastKnownFileType = sourcecode.swift; path = SearchResponse.swift; sourceTree = "<group>"; };
		341C10F9272B19140039B4B5 /* PanelViewController.swift */ = {isa = PBXFileReference; lastKnownFileType = sourcecode.swift; path = PanelViewController.swift; sourceTree = "<group>"; };
		341C10FB272D0B8F0039B4B5 /* NewsHeaderView.swift */ = {isa = PBXFileReference; lastKnownFileType = sourcecode.swift; path = NewsHeaderView.swift; sourceTree = "<group>"; };
		341C10FD272D52A80039B4B5 /* NewsStory.swift */ = {isa = PBXFileReference; lastKnownFileType = sourcecode.swift; path = NewsStory.swift; sourceTree = "<group>"; };
		341C10FF272E4A5C0039B4B5 /* NewsStoryTableViewCell.swift */ = {isa = PBXFileReference; lastKnownFileType = sourcecode.swift; path = NewsStoryTableViewCell.swift; sourceTree = "<group>"; };
		341C1101272EFD600039B4B5 /* MarketDataResponse.swift */ = {isa = PBXFileReference; lastKnownFileType = sourcecode.swift; path = MarketDataResponse.swift; sourceTree = "<group>"; };
		341C11032730360D0039B4B5 /* WatchListTableViewCell.swift */ = {isa = PBXFileReference; lastKnownFileType = sourcecode.swift; path = WatchListTableViewCell.swift; sourceTree = "<group>"; };
		91426EE73B56C10427257D47 /* Pods_StocksAppTests.framework */ = {isa = PBXFileReference; explicitFileType = wrapper.framework; includeInIndex = 0; path = Pods_StocksAppTests.framework; sourceTree = BUILT_PRODUCTS_DIR; };
		B48B384E16765F93D1C09384 /* Pods_StocksApp_StocksAppUITests.framework */ = {isa = PBXFileReference; explicitFileType = wrapper.framework; includeInIndex = 0; path = Pods_StocksApp_StocksAppUITests.framework; sourceTree = BUILT_PRODUCTS_DIR; };
		B9DF3D0868952788C9A5A671 /* Pods-StocksApp-StocksAppUITests.debug.xcconfig */ = {isa = PBXFileReference; includeInIndex = 1; lastKnownFileType = text.xcconfig; name = "Pods-StocksApp-StocksAppUITests.debug.xcconfig"; path = "Target Support Files/Pods-StocksApp-StocksAppUITests/Pods-StocksApp-StocksAppUITests.debug.xcconfig"; sourceTree = "<group>"; };
		C3DA811B17CD132B2BB53A32 /* Pods-StocksAppTests.release.xcconfig */ = {isa = PBXFileReference; includeInIndex = 1; lastKnownFileType = text.xcconfig; name = "Pods-StocksAppTests.release.xcconfig"; path = "Target Support Files/Pods-StocksAppTests/Pods-StocksAppTests.release.xcconfig"; sourceTree = "<group>"; };
		E42B82EC02792FD38CCB873D /* Pods-StocksApp.debug.xcconfig */ = {isa = PBXFileReference; includeInIndex = 1; lastKnownFileType = text.xcconfig; name = "Pods-StocksApp.debug.xcconfig"; path = "Target Support Files/Pods-StocksApp/Pods-StocksApp.debug.xcconfig"; sourceTree = "<group>"; };
		EFD6FDA33A68E25F1C076DFF /* Pods-StocksApp.release.xcconfig */ = {isa = PBXFileReference; includeInIndex = 1; lastKnownFileType = text.xcconfig; name = "Pods-StocksApp.release.xcconfig"; path = "Target Support Files/Pods-StocksApp/Pods-StocksApp.release.xcconfig"; sourceTree = "<group>"; };
/* End PBXFileReference section */

/* Begin PBXFrameworksBuildPhase section */
		341C10A9272530CA0039B4B5 /* Frameworks */ = {
			isa = PBXFrameworksBuildPhase;
			buildActionMask = 2147483647;
			files = (
				212EEB3058CD81F333E03CBE /* Pods_StocksApp.framework in Frameworks */,
			);
			runOnlyForDeploymentPostprocessing = 0;
		};
		341C10C2272530CC0039B4B5 /* Frameworks */ = {
			isa = PBXFrameworksBuildPhase;
			buildActionMask = 2147483647;
			files = (
				AACF20E69585EA76E6513391 /* Pods_StocksAppTests.framework in Frameworks */,
			);
			runOnlyForDeploymentPostprocessing = 0;
		};
		341C10CD272530CC0039B4B5 /* Frameworks */ = {
			isa = PBXFrameworksBuildPhase;
			buildActionMask = 2147483647;
			files = (
				6D8A41098945BBCF668DECA8 /* Pods_StocksApp_StocksAppUITests.framework in Frameworks */,
			);
			runOnlyForDeploymentPostprocessing = 0;
		};
/* End PBXFrameworksBuildPhase section */

/* Begin PBXGroup section */
		0ED63A5A963BB8AC35D39415 /* Pods */ = {
			isa = PBXGroup;
			children = (
				E42B82EC02792FD38CCB873D /* Pods-StocksApp.debug.xcconfig */,
				EFD6FDA33A68E25F1C076DFF /* Pods-StocksApp.release.xcconfig */,
				B9DF3D0868952788C9A5A671 /* Pods-StocksApp-StocksAppUITests.debug.xcconfig */,
				2B2C20F377EBD4E45F63F856 /* Pods-StocksApp-StocksAppUITests.release.xcconfig */,
				0B86C3B11FA36C464EA12525 /* Pods-StocksAppTests.debug.xcconfig */,
				C3DA811B17CD132B2BB53A32 /* Pods-StocksAppTests.release.xcconfig */,
			);
			path = Pods;
			sourceTree = "<group>";
		};
		341C10A3272530CA0039B4B5 = {
			isa = PBXGroup;
			children = (
				341C10AE272530CA0039B4B5 /* StocksApp */,
				341C10C8272530CC0039B4B5 /* StocksAppTests */,
				341C10D3272530CC0039B4B5 /* StocksAppUITests */,
				341C10AD272530CA0039B4B5 /* Products */,
				0ED63A5A963BB8AC35D39415 /* Pods */,
				CD322CC28C170DC6734E94E0 /* Frameworks */,
			);
			sourceTree = "<group>";
		};
		341C10AD272530CA0039B4B5 /* Products */ = {
			isa = PBXGroup;
			children = (
				341C10AC272530CA0039B4B5 /* StocksApp.app */,
				341C10C5272530CC0039B4B5 /* StocksAppTests.xctest */,
				341C10D0272530CC0039B4B5 /* StocksAppUITests.xctest */,
			);
			name = Products;
			sourceTree = "<group>";
		};
		341C10AE272530CA0039B4B5 /* StocksApp */ = {
			isa = PBXGroup;
			children = (
				341C10E62725DF630039B4B5 /* other */,
				341C10E52725DF5D0039B4B5 /* managers */,
				341C10E42725DF350039B4B5 /* models */,
				341C10E32725DF2D0039B4B5 /* controllers */,
				341C10E22725DF1E0039B4B5 /* views */,
				341C10C0272530CC0039B4B5 /* Info.plist */,
				341C10B8272530CA0039B4B5 /* StocksApp.xcdatamodeld */,
			);
			path = StocksApp;
			sourceTree = "<group>";
		};
		341C10C8272530CC0039B4B5 /* StocksAppTests */ = {
			isa = PBXGroup;
			children = (
				341C10C9272530CC0039B4B5 /* StocksAppTests.swift */,
				341C10CB272530CC0039B4B5 /* Info.plist */,
			);
			path = StocksAppTests;
			sourceTree = "<group>";
		};
		341C10D3272530CC0039B4B5 /* StocksAppUITests */ = {
			isa = PBXGroup;
			children = (
				341C10D4272530CC0039B4B5 /* StocksAppUITests.swift */,
				341C10D6272530CC0039B4B5 /* Info.plist */,
			);
			path = StocksAppUITests;
			sourceTree = "<group>";
		};
		341C10E22725DF1E0039B4B5 /* views */ = {
			isa = PBXGroup;
			children = (
				341C10BD272530CC0039B4B5 /* LaunchScreen.storyboard */,
				341C10F527272C990039B4B5 /* SearchResultTableViewCell.swift */,
				341C10FB272D0B8F0039B4B5 /* NewsHeaderView.swift */,
				341C10FF272E4A5C0039B4B5 /* NewsStoryTableViewCell.swift */,
				341C11032730360D0039B4B5 /* WatchListTableViewCell.swift */,
			);
			path = views;
			sourceTree = "<group>";
		};
		341C10E32725DF2D0039B4B5 /* controllers */ = {
			isa = PBXGroup;
			children = (
				341C10B3272530CA0039B4B5 /* WatchListViewController.swift */,
				341C10E72725E0BA0039B4B5 /* TopStoriesNewsViewController.swift */,
				341C10E92725E1170039B4B5 /* SearchResultsViewController.swift */,
				341C10EB2725E13B0039B4B5 /* StockDetailsViewController.swift */,
				341C10F9272B19140039B4B5 /* PanelViewController.swift */,
			);
			path = controllers;
			sourceTree = "<group>";
		};
		341C10E42725DF350039B4B5 /* models */ = {
			isa = PBXGroup;
			children = (
				341C10F7272883020039B4B5 /* SearchResponse.swift */,
				341C10FD272D52A80039B4B5 /* NewsStory.swift */,
				341C1101272EFD600039B4B5 /* MarketDataResponse.swift */,
			);
			path = models;
			sourceTree = "<group>";
		};
		341C10E52725DF5D0039B4B5 /* managers */ = {
			isa = PBXGroup;
			children = (
				341C10ED2726DF810039B4B5 /* ApiCaller.swift */,
				341C10EF2726DF900039B4B5 /* PersistenceManager.swift */,
				341C10F12726DFB30039B4B5 /* HapticsManager.swift */,
			);
			path = managers;
			sourceTree = "<group>";
		};
		341C10E62725DF630039B4B5 /* other */ = {
			isa = PBXGroup;
			children = (
				341C10BB272530CC0039B4B5 /* Assets.xcassets */,
				341C10AF272530CA0039B4B5 /* AppDelegate.swift */,
				341C10B1272530CA0039B4B5 /* SceneDelegate.swift */,
				341C10F3272727DE0039B4B5 /* Extensions.swift */,
			);
			path = other;
			sourceTree = "<group>";
		};
		CD322CC28C170DC6734E94E0 /* Frameworks */ = {
			isa = PBXGroup;
			children = (
				2305E951BB4A84C41A21D9FD /* Pods_StocksApp.framework */,
				B48B384E16765F93D1C09384 /* Pods_StocksApp_StocksAppUITests.framework */,
				91426EE73B56C10427257D47 /* Pods_StocksAppTests.framework */,
			);
			name = Frameworks;
			sourceTree = "<group>";
		};
/* End PBXGroup section */

/* Begin PBXNativeTarget section */
		341C10AB272530CA0039B4B5 /* StocksApp */ = {
			isa = PBXNativeTarget;
			buildConfigurationList = 341C10D9272530CC0039B4B5 /* Build configuration list for PBXNativeTarget "StocksApp" */;
			buildPhases = (
				4816881E04D4206473F97DFB /* [CP] Check Pods Manifest.lock */,
				341C10A8272530CA0039B4B5 /* Sources */,
				341C10A9272530CA0039B4B5 /* Frameworks */,
				341C10AA272530CA0039B4B5 /* Resources */,
				F5483C38D1854F082007F232 /* [CP] Embed Pods Frameworks */,
			);
			buildRules = (
			);
			dependencies = (
			);
			name = StocksApp;
			productName = StocksApp;
			productReference = 341C10AC272530CA0039B4B5 /* StocksApp.app */;
			productType = "com.apple.product-type.application";
		};
		341C10C4272530CC0039B4B5 /* StocksAppTests */ = {
			isa = PBXNativeTarget;
			buildConfigurationList = 341C10DC272530CC0039B4B5 /* Build configuration list for PBXNativeTarget "StocksAppTests" */;
			buildPhases = (
				F19B10BF064BF7C809F17477 /* [CP] Check Pods Manifest.lock */,
				341C10C1272530CC0039B4B5 /* Sources */,
				341C10C2272530CC0039B4B5 /* Frameworks */,
				341C10C3272530CC0039B4B5 /* Resources */,
			);
			buildRules = (
			);
			dependencies = (
				341C10C7272530CC0039B4B5 /* PBXTargetDependency */,
			);
			name = StocksAppTests;
			productName = StocksAppTests;
			productReference = 341C10C5272530CC0039B4B5 /* StocksAppTests.xctest */;
			productType = "com.apple.product-type.bundle.unit-test";
		};
		341C10CF272530CC0039B4B5 /* StocksAppUITests */ = {
			isa = PBXNativeTarget;
			buildConfigurationList = 341C10DF272530CC0039B4B5 /* Build configuration list for PBXNativeTarget "StocksAppUITests" */;
			buildPhases = (
				C2665F41CCE99481DA8ECB11 /* [CP] Check Pods Manifest.lock */,
				341C10CC272530CC0039B4B5 /* Sources */,
				341C10CD272530CC0039B4B5 /* Frameworks */,
				341C10CE272530CC0039B4B5 /* Resources */,
				A0B6F25E96D9E90708C7A263 /* [CP] Embed Pods Frameworks */,
			);
			buildRules = (
			);
			dependencies = (
				341C10D2272530CC0039B4B5 /* PBXTargetDependency */,
			);
			name = StocksAppUITests;
			productName = StocksAppUITests;
			productReference = 341C10D0272530CC0039B4B5 /* StocksAppUITests.xctest */;
			productType = "com.apple.product-type.bundle.ui-testing";
		};
/* End PBXNativeTarget section */

/* Begin PBXProject section */
		341C10A4272530CA0039B4B5 /* Project object */ = {
			isa = PBXProject;
			attributes = {
				LastSwiftUpdateCheck = 1250;
				LastUpgradeCheck = 1250;
				TargetAttributes = {
					341C10AB272530CA0039B4B5 = {
						CreatedOnToolsVersion = 12.5.1;
					};
					341C10C4272530CC0039B4B5 = {
						CreatedOnToolsVersion = 12.5.1;
						TestTargetID = 341C10AB272530CA0039B4B5;
					};
					341C10CF272530CC0039B4B5 = {
						CreatedOnToolsVersion = 12.5.1;
						TestTargetID = 341C10AB272530CA0039B4B5;
					};
				};
			};
			buildConfigurationList = 341C10A7272530CA0039B4B5 /* Build configuration list for PBXProject "StocksApp" */;
			compatibilityVersion = "Xcode 9.3";
			developmentRegion = en;
			hasScannedForEncodings = 0;
			knownRegions = (
				en,
				Base,
			);
			mainGroup = 341C10A3272530CA0039B4B5;
			productRefGroup = 341C10AD272530CA0039B4B5 /* Products */;
			projectDirPath = "";
			projectRoot = "";
			targets = (
				341C10AB272530CA0039B4B5 /* StocksApp */,
				341C10C4272530CC0039B4B5 /* StocksAppTests */,
				341C10CF272530CC0039B4B5 /* StocksAppUITests */,
			);
		};
/* End PBXProject section */

/* Begin PBXResourcesBuildPhase section */
		341C10AA272530CA0039B4B5 /* Resources */ = {
			isa = PBXResourcesBuildPhase;
			buildActionMask = 2147483647;
			files = (
				341C10BF272530CC0039B4B5 /* LaunchScreen.storyboard in Resources */,
				341C10BC272530CC0039B4B5 /* Assets.xcassets in Resources */,
			);
			runOnlyForDeploymentPostprocessing = 0;
		};
		341C10C3272530CC0039B4B5 /* Resources */ = {
			isa = PBXResourcesBuildPhase;
			buildActionMask = 2147483647;
			files = (
			);
			runOnlyForDeploymentPostprocessing = 0;
		};
		341C10CE272530CC0039B4B5 /* Resources */ = {
			isa = PBXResourcesBuildPhase;
			buildActionMask = 2147483647;
			files = (
			);
			runOnlyForDeploymentPostprocessing = 0;
		};
/* End PBXResourcesBuildPhase section */

/* Begin PBXShellScriptBuildPhase section */
		4816881E04D4206473F97DFB /* [CP] Check Pods Manifest.lock */ = {
			isa = PBXShellScriptBuildPhase;
			buildActionMask = 2147483647;
			files = (
			);
			inputFileListPaths = (
			);
			inputPaths = (
				"${PODS_PODFILE_DIR_PATH}/Podfile.lock",
				"${PODS_ROOT}/Manifest.lock",
			);
			name = "[CP] Check Pods Manifest.lock";
			outputFileListPaths = (
			);
			outputPaths = (
				"$(DERIVED_FILE_DIR)/Pods-StocksApp-checkManifestLockResult.txt",
			);
			runOnlyForDeploymentPostprocessing = 0;
			shellPath = /bin/sh;
			shellScript = "diff \"${PODS_PODFILE_DIR_PATH}/Podfile.lock\" \"${PODS_ROOT}/Manifest.lock\" > /dev/null\nif [ $? != 0 ] ; then\n    # print error to STDERR\n    echo \"error: The sandbox is not in sync with the Podfile.lock. Run 'pod install' or update your CocoaPods installation.\" >&2\n    exit 1\nfi\n# This output is used by Xcode 'outputs' to avoid re-running this script phase.\necho \"SUCCESS\" > \"${SCRIPT_OUTPUT_FILE_0}\"\n";
			showEnvVarsInLog = 0;
		};
		A0B6F25E96D9E90708C7A263 /* [CP] Embed Pods Frameworks */ = {
			isa = PBXShellScriptBuildPhase;
			buildActionMask = 2147483647;
			files = (
			);
			inputFileListPaths = (
				"${PODS_ROOT}/Target Support Files/Pods-StocksApp-StocksAppUITests/Pods-StocksApp-StocksAppUITests-frameworks-${CONFIGURATION}-input-files.xcfilelist",
			);
			name = "[CP] Embed Pods Frameworks";
			outputFileListPaths = (
				"${PODS_ROOT}/Target Support Files/Pods-StocksApp-StocksAppUITests/Pods-StocksApp-StocksAppUITests-frameworks-${CONFIGURATION}-output-files.xcfilelist",
			);
			runOnlyForDeploymentPostprocessing = 0;
			shellPath = /bin/sh;
			shellScript = "\"${PODS_ROOT}/Target Support Files/Pods-StocksApp-StocksAppUITests/Pods-StocksApp-StocksAppUITests-frameworks.sh\"\n";
			showEnvVarsInLog = 0;
		};
		C2665F41CCE99481DA8ECB11 /* [CP] Check Pods Manifest.lock */ = {
			isa = PBXShellScriptBuildPhase;
			buildActionMask = 2147483647;
			files = (
			);
			inputFileListPaths = (
			);
			inputPaths = (
				"${PODS_PODFILE_DIR_PATH}/Podfile.lock",
				"${PODS_ROOT}/Manifest.lock",
			);
			name = "[CP] Check Pods Manifest.lock";
			outputFileListPaths = (
			);
			outputPaths = (
				"$(DERIVED_FILE_DIR)/Pods-StocksApp-StocksAppUITests-checkManifestLockResult.txt",
			);
			runOnlyForDeploymentPostprocessing = 0;
			shellPath = /bin/sh;
			shellScript = "diff \"${PODS_PODFILE_DIR_PATH}/Podfile.lock\" \"${PODS_ROOT}/Manifest.lock\" > /dev/null\nif [ $? != 0 ] ; then\n    # print error to STDERR\n    echo \"error: The sandbox is not in sync with the Podfile.lock. Run 'pod install' or update your CocoaPods installation.\" >&2\n    exit 1\nfi\n# This output is used by Xcode 'outputs' to avoid re-running this script phase.\necho \"SUCCESS\" > \"${SCRIPT_OUTPUT_FILE_0}\"\n";
			showEnvVarsInLog = 0;
		};
		F19B10BF064BF7C809F17477 /* [CP] Check Pods Manifest.lock */ = {
			isa = PBXShellScriptBuildPhase;
			buildActionMask = 2147483647;
			files = (
			);
			inputFileListPaths = (
			);
			inputPaths = (
				"${PODS_PODFILE_DIR_PATH}/Podfile.lock",
				"${PODS_ROOT}/Manifest.lock",
			);
			name = "[CP] Check Pods Manifest.lock";
			outputFileListPaths = (
			);
			outputPaths = (
				"$(DERIVED_FILE_DIR)/Pods-StocksAppTests-checkManifestLockResult.txt",
			);
			runOnlyForDeploymentPostprocessing = 0;
			shellPath = /bin/sh;
			shellScript = "diff \"${PODS_PODFILE_DIR_PATH}/Podfile.lock\" \"${PODS_ROOT}/Manifest.lock\" > /dev/null\nif [ $? != 0 ] ; then\n    # print error to STDERR\n    echo \"error: The sandbox is not in sync with the Podfile.lock. Run 'pod install' or update your CocoaPods installation.\" >&2\n    exit 1\nfi\n# This output is used by Xcode 'outputs' to avoid re-running this script phase.\necho \"SUCCESS\" > \"${SCRIPT_OUTPUT_FILE_0}\"\n";
			showEnvVarsInLog = 0;
		};
		F5483C38D1854F082007F232 /* [CP] Embed Pods Frameworks */ = {
			isa = PBXShellScriptBuildPhase;
			buildActionMask = 2147483647;
			files = (
			);
			inputFileListPaths = (
				"${PODS_ROOT}/Target Support Files/Pods-StocksApp/Pods-StocksApp-frameworks-${CONFIGURATION}-input-files.xcfilelist",
			);
			name = "[CP] Embed Pods Frameworks";
			outputFileListPaths = (
				"${PODS_ROOT}/Target Support Files/Pods-StocksApp/Pods-StocksApp-frameworks-${CONFIGURATION}-output-files.xcfilelist",
			);
			runOnlyForDeploymentPostprocessing = 0;
			shellPath = /bin/sh;
			shellScript = "\"${PODS_ROOT}/Target Support Files/Pods-StocksApp/Pods-StocksApp-frameworks.sh\"\n";
			showEnvVarsInLog = 0;
		};
/* End PBXShellScriptBuildPhase section */

/* Begin PBXSourcesBuildPhase section */
		341C10A8272530CA0039B4B5 /* Sources */ = {
			isa = PBXSourcesBuildPhase;
			buildActionMask = 2147483647;
			files = (
				341C10F8272883020039B4B5 /* SearchResponse.swift in Sources */,
				341C10B4272530CA0039B4B5 /* WatchListViewController.swift in Sources */,
				341C1102272EFD600039B4B5 /* MarketDataResponse.swift in Sources */,
				341C10EA2725E1170039B4B5 /* SearchResultsViewController.swift in Sources */,
				341C10F627272C990039B4B5 /* SearchResultTableViewCell.swift in Sources */,
				341C10B0272530CA0039B4B5 /* AppDelegate.swift in Sources */,
				341C10E82725E0BA0039B4B5 /* TopStoriesNewsViewController.swift in Sources */,
				341C10EC2725E13B0039B4B5 /* StockDetailsViewController.swift in Sources */,
				341C10FA272B19140039B4B5 /* PanelViewController.swift in Sources */,
				341C10FE272D52A80039B4B5 /* NewsStory.swift in Sources */,
				341C10BA272530CA0039B4B5 /* StocksApp.xcdatamodeld in Sources */,
				341C10F02726DF900039B4B5 /* PersistenceManager.swift in Sources */,
				341C10FC272D0B8F0039B4B5 /* NewsHeaderView.swift in Sources */,
				341C10B2272530CA0039B4B5 /* SceneDelegate.swift in Sources */,
				341C1100272E4A5C0039B4B5 /* NewsStoryTableViewCell.swift in Sources */,
				341C10F22726DFB30039B4B5 /* HapticsManager.swift in Sources */,
				341C11042730360D0039B4B5 /* WatchListTableViewCell.swift in Sources */,
				341C10F4272727DE0039B4B5 /* Extensions.swift in Sources */,
				341C10EE2726DF810039B4B5 /* ApiCaller.swift in Sources */,
			);
			runOnlyForDeploymentPostprocessing = 0;
		};
		341C10C1272530CC0039B4B5 /* Sources */ = {
			isa = PBXSourcesBuildPhase;
			buildActionMask = 2147483647;
			files = (
				341C10CA272530CC0039B4B5 /* StocksAppTests.swift in Sources */,
			);
			runOnlyForDeploymentPostprocessing = 0;
		};
		341C10CC272530CC0039B4B5 /* Sources */ = {
			isa = PBXSourcesBuildPhase;
			buildActionMask = 2147483647;
			files = (
				341C10D5272530CC0039B4B5 /* StocksAppUITests.swift in Sources */,
			);
			runOnlyForDeploymentPostprocessing = 0;
		};
/* End PBXSourcesBuildPhase section */

/* Begin PBXTargetDependency section */
		341C10C7272530CC0039B4B5 /* PBXTargetDependency */ = {
			isa = PBXTargetDependency;
			target = 341C10AB272530CA0039B4B5 /* StocksApp */;
			targetProxy = 341C10C6272530CC0039B4B5 /* PBXContainerItemProxy */;
		};
		341C10D2272530CC0039B4B5 /* PBXTargetDependency */ = {
			isa = PBXTargetDependency;
			target = 341C10AB272530CA0039B4B5 /* StocksApp */;
			targetProxy = 341C10D1272530CC0039B4B5 /* PBXContainerItemProxy */;
		};
/* End PBXTargetDependency section */

/* Begin PBXVariantGroup section */
		341C10BD272530CC0039B4B5 /* LaunchScreen.storyboard */ = {
			isa = PBXVariantGroup;
			children = (
				341C10BE272530CC0039B4B5 /* Base */,
			);
			name = LaunchScreen.storyboard;
			sourceTree = "<group>";
		};
/* End PBXVariantGroup section */

/* Begin XCBuildConfiguration section */
		341C10D7272530CC0039B4B5 /* Debug */ = {
			isa = XCBuildConfiguration;
			buildSettings = {
				ALWAYS_SEARCH_USER_PATHS = NO;
				CLANG_ANALYZER_NONNULL = YES;
				CLANG_ANALYZER_NUMBER_OBJECT_CONVERSION = YES_AGGRESSIVE;
				CLANG_CXX_LANGUAGE_STANDARD = "gnu++14";
				CLANG_CXX_LIBRARY = "libc++";
				CLANG_ENABLE_MODULES = YES;
				CLANG_ENABLE_OBJC_ARC = YES;
				CLANG_ENABLE_OBJC_WEAK = YES;
				CLANG_WARN_BLOCK_CAPTURE_AUTORELEASING = YES;
				CLANG_WARN_BOOL_CONVERSION = YES;
				CLANG_WARN_COMMA = YES;
				CLANG_WARN_CONSTANT_CONVERSION = YES;
				CLANG_WARN_DEPRECATED_OBJC_IMPLEMENTATIONS = YES;
				CLANG_WARN_DIRECT_OBJC_ISA_USAGE = YES_ERROR;
				CLANG_WARN_DOCUMENTATION_COMMENTS = YES;
				CLANG_WARN_EMPTY_BODY = YES;
				CLANG_WARN_ENUM_CONVERSION = YES;
				CLANG_WARN_INFINITE_RECURSION = YES;
				CLANG_WARN_INT_CONVERSION = YES;
				CLANG_WARN_NON_LITERAL_NULL_CONVERSION = YES;
				CLANG_WARN_OBJC_IMPLICIT_RETAIN_SELF = YES;
				CLANG_WARN_OBJC_LITERAL_CONVERSION = YES;
				CLANG_WARN_OBJC_ROOT_CLASS = YES_ERROR;
				CLANG_WARN_QUOTED_INCLUDE_IN_FRAMEWORK_HEADER = YES;
				CLANG_WARN_RANGE_LOOP_ANALYSIS = YES;
				CLANG_WARN_STRICT_PROTOTYPES = YES;
				CLANG_WARN_SUSPICIOUS_MOVE = YES;
				CLANG_WARN_UNGUARDED_AVAILABILITY = YES_AGGRESSIVE;
				CLANG_WARN_UNREACHABLE_CODE = YES;
				CLANG_WARN__DUPLICATE_METHOD_MATCH = YES;
				COPY_PHASE_STRIP = NO;
				DEBUG_INFORMATION_FORMAT = dwarf;
				ENABLE_STRICT_OBJC_MSGSEND = YES;
				ENABLE_TESTABILITY = YES;
				GCC_C_LANGUAGE_STANDARD = gnu11;
				GCC_DYNAMIC_NO_PIC = NO;
				GCC_NO_COMMON_BLOCKS = YES;
				GCC_OPTIMIZATION_LEVEL = 0;
				GCC_PREPROCESSOR_DEFINITIONS = (
					"DEBUG=1",
					"$(inherited)",
				);
				GCC_WARN_64_TO_32_BIT_CONVERSION = YES;
				GCC_WARN_ABOUT_RETURN_TYPE = YES_ERROR;
				GCC_WARN_UNDECLARED_SELECTOR = YES;
				GCC_WARN_UNINITIALIZED_AUTOS = YES_AGGRESSIVE;
				GCC_WARN_UNUSED_FUNCTION = YES;
				GCC_WARN_UNUSED_VARIABLE = YES;
				IPHONEOS_DEPLOYMENT_TARGET = 14.5;
				MTL_ENABLE_DEBUG_INFO = INCLUDE_SOURCE;
				MTL_FAST_MATH = YES;
				ONLY_ACTIVE_ARCH = YES;
				SDKROOT = iphoneos;
				SWIFT_ACTIVE_COMPILATION_CONDITIONS = DEBUG;
				SWIFT_OPTIMIZATION_LEVEL = "-Onone";
			};
			name = Debug;
		};
		341C10D8272530CC0039B4B5 /* Release */ = {
			isa = XCBuildConfiguration;
			buildSettings = {
				ALWAYS_SEARCH_USER_PATHS = NO;
				CLANG_ANALYZER_NONNULL = YES;
				CLANG_ANALYZER_NUMBER_OBJECT_CONVERSION = YES_AGGRESSIVE;
				CLANG_CXX_LANGUAGE_STANDARD = "gnu++14";
				CLANG_CXX_LIBRARY = "libc++";
				CLANG_ENABLE_MODULES = YES;
				CLANG_ENABLE_OBJC_ARC = YES;
				CLANG_ENABLE_OBJC_WEAK = YES;
				CLANG_WARN_BLOCK_CAPTURE_AUTORELEASING = YES;
				CLANG_WARN_BOOL_CONVERSION = YES;
				CLANG_WARN_COMMA = YES;
				CLANG_WARN_CONSTANT_CONVERSION = YES;
				CLANG_WARN_DEPRECATED_OBJC_IMPLEMENTATIONS = YES;
				CLANG_WARN_DIRECT_OBJC_ISA_USAGE = YES_ERROR;
				CLANG_WARN_DOCUMENTATION_COMMENTS = YES;
				CLANG_WARN_EMPTY_BODY = YES;
				CLANG_WARN_ENUM_CONVERSION = YES;
				CLANG_WARN_INFINITE_RECURSION = YES;
				CLANG_WARN_INT_CONVERSION = YES;
				CLANG_WARN_NON_LITERAL_NULL_CONVERSION = YES;
				CLANG_WARN_OBJC_IMPLICIT_RETAIN_SELF = YES;
				CLANG_WARN_OBJC_LITERAL_CONVERSION = YES;
				CLANG_WARN_OBJC_ROOT_CLASS = YES_ERROR;
				CLANG_WARN_QUOTED_INCLUDE_IN_FRAMEWORK_HEADER = YES;
				CLANG_WARN_RANGE_LOOP_ANALYSIS = YES;
				CLANG_WARN_STRICT_PROTOTYPES = YES;
				CLANG_WARN_SUSPICIOUS_MOVE = YES;
				CLANG_WARN_UNGUARDED_AVAILABILITY = YES_AGGRESSIVE;
				CLANG_WARN_UNREACHABLE_CODE = YES;
				CLANG_WARN__DUPLICATE_METHOD_MATCH = YES;
				COPY_PHASE_STRIP = NO;
				DEBUG_INFORMATION_FORMAT = "dwarf-with-dsym";
				ENABLE_NS_ASSERTIONS = NO;
				ENABLE_STRICT_OBJC_MSGSEND = YES;
				GCC_C_LANGUAGE_STANDARD = gnu11;
				GCC_NO_COMMON_BLOCKS = YES;
				GCC_WARN_64_TO_32_BIT_CONVERSION = YES;
				GCC_WARN_ABOUT_RETURN_TYPE = YES_ERROR;
				GCC_WARN_UNDECLARED_SELECTOR = YES;
				GCC_WARN_UNINITIALIZED_AUTOS = YES_AGGRESSIVE;
				GCC_WARN_UNUSED_FUNCTION = YES;
				GCC_WARN_UNUSED_VARIABLE = YES;
				IPHONEOS_DEPLOYMENT_TARGET = 14.5;
				MTL_ENABLE_DEBUG_INFO = NO;
				MTL_FAST_MATH = YES;
				SDKROOT = iphoneos;
				SWIFT_COMPILATION_MODE = wholemodule;
				SWIFT_OPTIMIZATION_LEVEL = "-O";
				VALIDATE_PRODUCT = YES;
			};
			name = Release;
		};
		341C10DA272530CC0039B4B5 /* Debug */ = {
			isa = XCBuildConfiguration;
			baseConfigurationReference = E42B82EC02792FD38CCB873D /* Pods-StocksApp.debug.xcconfig */;
			buildSettings = {
				ASSETCATALOG_COMPILER_APPICON_NAME = AppIcon;
				ASSETCATALOG_COMPILER_GLOBAL_ACCENT_COLOR_NAME = AccentColor;
				CODE_SIGN_STYLE = Automatic;
				DEVELOPMENT_TEAM = R56999TGTG;
				INFOPLIST_FILE = StocksApp/Info.plist;
				IPHONEOS_DEPLOYMENT_TARGET = 13.0;
				LD_RUNPATH_SEARCH_PATHS = (
					"$(inherited)",
					"@executable_path/Frameworks",
				);
				PRODUCT_BUNDLE_IDENTIFIER = BakytDzhumabaev.StocksApp;
				PRODUCT_NAME = "$(TARGET_NAME)";
				SWIFT_VERSION = 5.0;
				TARGETED_DEVICE_FAMILY = 1;
			};
			name = Debug;
		};
		341C10DB272530CC0039B4B5 /* Release */ = {
			isa = XCBuildConfiguration;
			baseConfigurationReference = EFD6FDA33A68E25F1C076DFF /* Pods-StocksApp.release.xcconfig */;
			buildSettings = {
				ASSETCATALOG_COMPILER_APPICON_NAME = AppIcon;
				ASSETCATALOG_COMPILER_GLOBAL_ACCENT_COLOR_NAME = AccentColor;
				CODE_SIGN_STYLE = Automatic;
				DEVELOPMENT_TEAM = R56999TGTG;
				INFOPLIST_FILE = StocksApp/Info.plist;
				IPHONEOS_DEPLOYMENT_TARGET = 13.0;
				LD_RUNPATH_SEARCH_PATHS = (
					"$(inherited)",
					"@executable_path/Frameworks",
				);
				PRODUCT_BUNDLE_IDENTIFIER = BakytDzhumabaev.StocksApp;
				PRODUCT_NAME = "$(TARGET_NAME)";
				SWIFT_VERSION = 5.0;
				TARGETED_DEVICE_FAMILY = 1;
			};
			name = Release;
		};
		341C10DD272530CC0039B4B5 /* Debug */ = {
			isa = XCBuildConfiguration;
			baseConfigurationReference = 0B86C3B11FA36C464EA12525 /* Pods-StocksAppTests.debug.xcconfig */;
			buildSettings = {
				ALWAYS_EMBED_SWIFT_STANDARD_LIBRARIES = YES;
				BUNDLE_LOADER = "$(TEST_HOST)";
				CODE_SIGN_STYLE = Automatic;
				DEVELOPMENT_TEAM = R56999TGTG;
				INFOPLIST_FILE = StocksAppTests/Info.plist;
				IPHONEOS_DEPLOYMENT_TARGET = 14.5;
				LD_RUNPATH_SEARCH_PATHS = (
					"$(inherited)",
					"@executable_path/Frameworks",
					"@loader_path/Frameworks",
				);
				PRODUCT_BUNDLE_IDENTIFIER = BakytDzhumabaev.StocksAppTests;
				PRODUCT_NAME = "$(TARGET_NAME)";
				SWIFT_VERSION = 5.0;
				TARGETED_DEVICE_FAMILY = "1,2";
				TEST_HOST = "$(BUILT_PRODUCTS_DIR)/StocksApp.app/StocksApp";
			};
			name = Debug;
		};
		341C10DE272530CC0039B4B5 /* Release */ = {
			isa = XCBuildConfiguration;
			baseConfigurationReference = C3DA811B17CD132B2BB53A32 /* Pods-StocksAppTests.release.xcconfig */;
			buildSettings = {
				ALWAYS_EMBED_SWIFT_STANDARD_LIBRARIES = YES;
				BUNDLE_LOADER = "$(TEST_HOST)";
				CODE_SIGN_STYLE = Automatic;
				DEVELOPMENT_TEAM = R56999TGTG;
				INFOPLIST_FILE = StocksAppTests/Info.plist;
				IPHONEOS_DEPLOYMENT_TARGET = 14.5;
				LD_RUNPATH_SEARCH_PATHS = (
					"$(inherited)",
					"@executable_path/Frameworks",
					"@loader_path/Frameworks",
				);
				PRODUCT_BUNDLE_IDENTIFIER = BakytDzhumabaev.StocksAppTests;
				PRODUCT_NAME = "$(TARGET_NAME)";
				SWIFT_VERSION = 5.0;
				TARGETED_DEVICE_FAMILY = "1,2";
				TEST_HOST = "$(BUILT_PRODUCTS_DIR)/StocksApp.app/StocksApp";
			};
			name = Release;
		};
		341C10E0272530CC0039B4B5 /* Debug */ = {
			isa = XCBuildConfiguration;
			baseConfigurationReference = B9DF3D0868952788C9A5A671 /* Pods-StocksApp-StocksAppUITests.debug.xcconfig */;
			buildSettings = {
				ALWAYS_EMBED_SWIFT_STANDARD_LIBRARIES = YES;
				CODE_SIGN_STYLE = Automatic;
				DEVELOPMENT_TEAM = R56999TGTG;
				INFOPLIST_FILE = StocksAppUITests/Info.plist;
				LD_RUNPATH_SEARCH_PATHS = (
					"$(inherited)",
					"@executable_path/Frameworks",
					"@loader_path/Frameworks",
				);
				PRODUCT_BUNDLE_IDENTIFIER = BakytDzhumabaev.StocksAppUITests;
				PRODUCT_NAME = "$(TARGET_NAME)";
				SWIFT_VERSION = 5.0;
				TARGETED_DEVICE_FAMILY = "1,2";
				TEST_TARGET_NAME = StocksApp;
			};
			name = Debug;
		};
		341C10E1272530CC0039B4B5 /* Release */ = {
			isa = XCBuildConfiguration;
			baseConfigurationReference = 2B2C20F377EBD4E45F63F856 /* Pods-StocksApp-StocksAppUITests.release.xcconfig */;
			buildSettings = {
				ALWAYS_EMBED_SWIFT_STANDARD_LIBRARIES = YES;
				CODE_SIGN_STYLE = Automatic;
				DEVELOPMENT_TEAM = R56999TGTG;
				INFOPLIST_FILE = StocksAppUITests/Info.plist;
				LD_RUNPATH_SEARCH_PATHS = (
					"$(inherited)",
					"@executable_path/Frameworks",
					"@loader_path/Frameworks",
				);
				PRODUCT_BUNDLE_IDENTIFIER = BakytDzhumabaev.StocksAppUITests;
				PRODUCT_NAME = "$(TARGET_NAME)";
				SWIFT_VERSION = 5.0;
				TARGETED_DEVICE_FAMILY = "1,2";
				TEST_TARGET_NAME = StocksApp;
			};
			name = Release;
		};
/* End XCBuildConfiguration section */

/* Begin XCConfigurationList section */
		341C10A7272530CA0039B4B5 /* Build configuration list for PBXProject "StocksApp" */ = {
			isa = XCConfigurationList;
			buildConfigurations = (
				341C10D7272530CC0039B4B5 /* Debug */,
				341C10D8272530CC0039B4B5 /* Release */,
			);
			defaultConfigurationIsVisible = 0;
			defaultConfigurationName = Release;
		};
		341C10D9272530CC0039B4B5 /* Build configuration list for PBXNativeTarget "StocksApp" */ = {
			isa = XCConfigurationList;
			buildConfigurations = (
				341C10DA272530CC0039B4B5 /* Debug */,
				341C10DB272530CC0039B4B5 /* Release */,
			);
			defaultConfigurationIsVisible = 0;
			defaultConfigurationName = Release;
		};
		341C10DC272530CC0039B4B5 /* Build configuration list for PBXNativeTarget "StocksAppTests" */ = {
			isa = XCConfigurationList;
			buildConfigurations = (
				341C10DD272530CC0039B4B5 /* Debug */,
				341C10DE272530CC0039B4B5 /* Release */,
			);
			defaultConfigurationIsVisible = 0;
			defaultConfigurationName = Release;
		};
		341C10DF272530CC0039B4B5 /* Build configuration list for PBXNativeTarget "StocksAppUITests" */ = {
			isa = XCConfigurationList;
			buildConfigurations = (
				341C10E0272530CC0039B4B5 /* Debug */,
				341C10E1272530CC0039B4B5 /* Release */,
			);
			defaultConfigurationIsVisible = 0;
			defaultConfigurationName = Release;
		};
/* End XCConfigurationList section */

/* Begin XCVersionGroup section */
		341C10B8272530CA0039B4B5 /* StocksApp.xcdatamodeld */ = {
			isa = XCVersionGroup;
			children = (
				341C10B9272530CA0039B4B5 /* StocksApp.xcdatamodel */,
			);
			currentVersion = 341C10B9272530CA0039B4B5 /* StocksApp.xcdatamodel */;
			path = StocksApp.xcdatamodeld;
			sourceTree = "<group>";
			versionGroupType = wrapper.xcdatamodel;
		};
/* End XCVersionGroup section */
	};
	rootObject = 341C10A4272530CA0039B4B5 /* Project object */;
}
